
Microsoft Visual Studio Solution File, Format Version 12.00
# Visual Studio Version 16
VisualStudioVersion = 16.0.32802.440
MinimumVisualStudioVersion = 10.0.40219.1
Project("{FAE04EC0-301F-11D3-BF4B-00C04F79EFBC}") = "StudentServices", "StudentServices.csproj", "{183F16FD-B5F5-460A-BB94-B43DC3EC5880}"
EndProject
Project("{FAE04EC0-301F-11D3-BF4B-00C04F79EFBC}") = "StudentDataAccess", "..\StudentDataAccess\StudentDataAccess.csproj", "{6E271E23-93E0-4157-A039-4EA589A64082}"
EndProject
Global
	GlobalSection(SolutionConfigurationPlatforms) = preSolution
		Debug|Any CPU = Debug|Any CPU
		Release|Any CPU = Release|Any CPU
	EndGlobalSection
	GlobalSection(ProjectConfigurationPlatforms) = postSolution
		{183F16FD-B5F5-460A-BB94-B43DC3EC5880}.Debug|Any CPU.ActiveCfg = Debug|Any CPU
		{183F16FD-B5F5-460A-BB94-B43DC3EC5880}.Debug|Any CPU.Build.0 = Debug|Any CPU
		{183F16FD-B5F5-460A-BB94-B43DC3EC5880}.Release|Any CPU.ActiveCfg = Release|Any CPU
		{183F16FD-B5F5-460A-BB94-B43DC3EC5880}.Release|Any CPU.Build.0 = Release|Any CPU
		{6E271E23-93E0-4157-A039-4EA589A64082}.Debug|Any CPU.ActiveCfg = Debug|Any CPU
		{6E271E23-93E0-4157-A039-4EA589A64082}.Debug|Any CPU.Build.0 = Debug|Any CPU
		{6E271E23-93E0-4157-A039-4EA589A64082}.Release|Any CPU.ActiveCfg = Release|Any CPU
		{6E271E23-93E0-4157-A039-4EA589A64082}.Release|Any CPU.Build.0 = Release|Any CPU
	EndGlobalSection
	GlobalSection(SolutionProperties) = preSolution
		HideSolutionNode = FALSE
	EndGlobalSection
	GlobalSection(ExtensibilityGlobals) = postSolution
		SolutionGuid = {8FB0D9FA-7C7C-4E7B-92DC-B406A9221680}
	EndGlobalSection
EndGlobal
